// !$*UTF8*$!
{
	archiveVersion = 1;
	classes = {
	};
	objectVersion = 50;
	objects = {

/* Begin PBXBuildFile section */
		61A121A2248E8D2700B1937E /* AppDelegate.swift in Sources */ = {isa = PBXBuildFile; fileRef = 61A121A1248E8D2700B1937E /* AppDelegate.swift */; };
		61A121A4248E8D2700B1937E /* SceneDelegate.swift in Sources */ = {isa = PBXBuildFile; fileRef = 61A121A3248E8D2700B1937E /* SceneDelegate.swift */; };
		61A121A6248E8D2700B1937E /* ContentView.swift in Sources */ = {isa = PBXBuildFile; fileRef = 61A121A5248E8D2700B1937E /* ContentView.swift */; };
		61A121A8248E8D2D00B1937E /* Assets.xcassets in Resources */ = {isa = PBXBuildFile; fileRef = 61A121A7248E8D2D00B1937E /* Assets.xcassets */; };
		61A121AB248E8D2D00B1937E /* Preview Assets.xcassets in Resources */ = {isa = PBXBuildFile; fileRef = 61A121AA248E8D2D00B1937E /* Preview Assets.xcassets */; };
		61A121AE248E8D2D00B1937E /* LaunchScreen.storyboard in Resources */ = {isa = PBXBuildFile; fileRef = 61A121AC248E8D2D00B1937E /* LaunchScreen.storyboard */; };
		61A121B7248E8D8100B1937E /* Task.swift in Sources */ = {isa = PBXBuildFile; fileRef = 61A121B6248E8D8100B1937E /* Task.swift */; };
		61A121B9248E8DE200B1937E /* TaskStore.swift in Sources */ = {isa = PBXBuildFile; fileRef = 61A121B8248E8DE200B1937E /* TaskStore.swift */; };
		61A121BB248F9EE100B1937E /* NewTaskView.swift in Sources */ = {isa = PBXBuildFile; fileRef = 61A121BA248F9EE100B1937E /* NewTaskView.swift */; };
		61A121BE248FD49800B1937E /* RowView.swift in Sources */ = {isa = PBXBuildFile; fileRef = 61A121BD248FD49800B1937E /* RowView.swift */; };
		61A121C1248FD83500B1937E /* ForEach.swift in Sources */ = {isa = PBXBuildFile; fileRef = 61A121C0248FD83500B1937E /* ForEach.swift */; };
		61A121C3248FD85C00B1937E /* IndexedCollection.swift in Sources */ = {isa = PBXBuildFile; fileRef = 61A121C2248FD85C00B1937E /* IndexedCollection.swift */; };
/* End PBXBuildFile section */

/* Begin PBXFileReference section */
		61A1219E248E8D2700B1937E /* TaskList.app */ = {isa = PBXFileReference; explicitFileType = wrapper.application; includeInIndex = 0; path = TaskList.app; sourceTree = BUILT_PRODUCTS_DIR; };
		61A121A1248E8D2700B1937E /* AppDelegate.swift */ = {isa = PBXFileReference; lastKnownFileType = sourcecode.swift; path = AppDelegate.swift; sourceTree = "<group>"; };
		61A121A3248E8D2700B1937E /* SceneDelegate.swift */ = {isa = PBXFileReference; lastKnownFileType = sourcecode.swift; path = SceneDelegate.swift; sourceTree = "<group>"; };
		61A121A5248E8D2700B1937E /* ContentView.swift */ = {isa = PBXFileReference; lastKnownFileType = sourcecode.swift; path = ContentView.swift; sourceTree = "<group>"; };
		61A121A7248E8D2D00B1937E /* Assets.xcassets */ = {isa = PBXFileReference; lastKnownFileType = folder.assetcatalog; path = Assets.xcassets; sourceTree = "<group>"; };
		61A121AA248E8D2D00B1937E /* Preview Assets.xcassets */ = {isa = PBXFileReference; lastKnownFileType = folder.assetcatalog; path = "Preview Assets.xcassets"; sourceTree = "<group>"; };
		61A121AD248E8D2D00B1937E /* Base */ = {isa = PBXFileReference; lastKnownFileType = file.storyboard; name = Base; path = Base.lproj/LaunchScreen.storyboard; sourceTree = "<group>"; };
		61A121AF248E8D2D00B1937E /* Info.plist */ = {isa = PBXFileReference; lastKnownFileType = text.plist.xml; path = Info.plist; sourceTree = "<group>"; };
		61A121B6248E8D8100B1937E /* Task.swift */ = {isa = PBXFileReference; lastKnownFileType = sourcecode.swift; path = Task.swift; sourceTree = "<group>"; };
		61A121B8248E8DE200B1937E /* TaskStore.swift */ = {isa = PBXFileReference; lastKnownFileType = sourcecode.swift; path = TaskStore.swift; sourceTree = "<group>"; };
		61A121BA248F9EE100B1937E /* NewTaskView.swift */ = {isa = PBXFileReference; lastKnownFileType = sourcecode.swift; path = NewTaskView.swift; sourceTree = "<group>"; };
		61A121BD248FD49800B1937E /* RowView.swift */ = {isa = PBXFileReference; lastKnownFileType = sourcecode.swift; path = RowView.swift; sourceTree = "<group>"; };
		61A121C0248FD83500B1937E /* ForEach.swift */ = {isa = PBXFileReference; lastKnownFileType = sourcecode.swift; path = ForEach.swift; sourceTree = "<group>"; };
		61A121C2248FD85C00B1937E /* IndexedCollection.swift */ = {isa = PBXFileReference; lastKnownFileType = sourcecode.swift; path = IndexedCollection.swift; sourceTree = "<group>"; };
/* End PBXFileReference section */

/* Begin PBXFrameworksBuildPhase section */
		61A1219B248E8D2700B1937E /* Frameworks */ = {
			isa = PBXFrameworksBuildPhase;
			buildActionMask = 2147483647;
			files = (
			);
			runOnlyForDeploymentPostprocessing = 0;
		};
/* End PBXFrameworksBuildPhase section */

/* Begin PBXGroup section */
		61A12195248E8D2700B1937E = {
			isa = PBXGroup;
			children = (
				61A121A0248E8D2700B1937E /* TaskList */,
				61A1219F248E8D2700B1937E /* Products */,
			);
			sourceTree = "<group>";
		};
		61A1219F248E8D2700B1937E /* Products */ = {
			isa = PBXGroup;
			children = (
				61A1219E248E8D2700B1937E /* TaskList.app */,
			);
			name = Products;
			sourceTree = "<group>";
		};
		61A121A0248E8D2700B1937E /* TaskList */ = {
			isa = PBXGroup;
			children = (
				61A121A1248E8D2700B1937E /* AppDelegate.swift */,
				61A121A3248E8D2700B1937E /* SceneDelegate.swift */,
				61A121BF248FD82500B1937E /* Extension */,
				61A121B5248E8D4300B1937E /* Models */,
				61A121BC248F9F0B00B1937E /* Views */,
				61A121A7248E8D2D00B1937E /* Assets.xcassets */,
				61A121AC248E8D2D00B1937E /* LaunchScreen.storyboard */,
				61A121AF248E8D2D00B1937E /* Info.plist */,
				61A121A9248E8D2D00B1937E /* Preview Content */,
			);
			path = TaskList;
			sourceTree = "<group>";
		};
		61A121A9248E8D2D00B1937E /* Preview Content */ = {
			isa = PBXGroup;
			children = (
				61A121AA248E8D2D00B1937E /* Preview Assets.xcassets */,
			);
			path = "Preview Content";
			sourceTree = "<group>";
		};
		61A121B5248E8D4300B1937E /* Models */ = {
			isa = PBXGroup;
			children = (
				61A121B6248E8D8100B1937E /* Task.swift */,
				61A121B8248E8DE200B1937E /* TaskStore.swift */,
			);
			path = Models;
			sourceTree = "<group>";
		};
		61A121BC248F9F0B00B1937E /* Views */ = {
			isa = PBXGroup;
			children = (
				61A121BA248F9EE100B1937E /* NewTaskView.swift */,
				61A121A5248E8D2700B1937E /* ContentView.swift */,
				61A121BD248FD49800B1937E /* RowView.swift */,
			);
			path = Views;
			sourceTree = "<group>";
		};
		61A121BF248FD82500B1937E /* Extension */ = {
			isa = PBXGroup;
			children = (
				61A121C0248FD83500B1937E /* ForEach.swift */,
				61A121C2248FD85C00B1937E /* IndexedCollection.swift */,
			);
			path = Extension;
			sourceTree = "<group>";
		};
/* End PBXGroup section */

/* Begin PBXNativeTarget section */
		61A1219D248E8D2700B1937E /* TaskList */ = {
			isa = PBXNativeTarget;
			buildConfigurationList = 61A121B2248E8D2D00B1937E /* Build configuration list for PBXNativeTarget "TaskList" */;
			buildPhases = (
				61A1219A248E8D2700B1937E /* Sources */,
				61A1219B248E8D2700B1937E /* Frameworks */,
				61A1219C248E8D2700B1937E /* Resources */,
			);
			buildRules = (
			);
			dependencies = (
			);
			name = TaskList;
			productName = TaskList;
			productReference = 61A1219E248E8D2700B1937E /* TaskList.app */;
			productType = "com.apple.product-type.application";
		};
/* End PBXNativeTarget section */

/* Begin PBXProject section */
		61A12196248E8D2700B1937E /* Project object */ = {
			isa = PBXProject;
			attributes = {
				LastSwiftUpdateCheck = 1130;
				LastUpgradeCheck = 1130;
				ORGANIZATIONNAME = "mohamed  habib";
				TargetAttributes = {
					61A1219D248E8D2700B1937E = {
						CreatedOnToolsVersion = 11.3.1;
					};
				};
			};
			buildConfigurationList = 61A12199248E8D2700B1937E /* Build configuration list for PBXProject "TaskList" */;
			compatibilityVersion = "Xcode 9.3";
			developmentRegion = en;
			hasScannedForEncodings = 0;
			knownRegions = (
				en,
				Base,
			);
			mainGroup = 61A12195248E8D2700B1937E;
			productRefGroup = 61A1219F248E8D2700B1937E /* Products */;
			projectDirPath = "";
			projectRoot = "";
			targets = (
				61A1219D248E8D2700B1937E /* TaskList */,
			);
		};
/* End PBXProject section */

/* Begin PBXResourcesBuildPhase section */
		61A1219C248E8D2700B1937E /* Resources */ = {
			isa = PBXResourcesBuildPhase;
			buildActionMask = 2147483647;
			files = (
				61A121AE248E8D2D00B1937E /* LaunchScreen.storyboard in Resources */,
				61A121AB248E8D2D00B1937E /* Preview Assets.xcassets in Resources */,
				61A121A8248E8D2D00B1937E /* Assets.xcassets in Resources */,
			);
			runOnlyForDeploymentPostprocessing = 0;
		};
/* End PBXResourcesBuildPhase section */

/* Begin PBXSourcesBuildPhase section */
		61A1219A248E8D2700B1937E /* Sources */ = {
			isa = PBXSourcesBuildPhase;
			buildActionMask = 2147483647;
			files = (
				61A121C1248FD83500B1937E /* ForEach.swift in Sources */,
				61A121B9248E8DE200B1937E /* TaskStore.swift in Sources */,
				61A121C3248FD85C00B1937E /* IndexedCollection.swift in Sources */,
				61A121B7248E8D8100B1937E /* Task.swift in Sources */,
				61A121BE248FD49800B1937E /* RowView.swift in Sources */,
				61A121BB248F9EE100B1937E /* NewTaskView.swift in Sources */,
				61A121A2248E8D2700B1937E /* AppDelegate.swift in Sources */,
				61A121A4248E8D2700B1937E /* SceneDelegate.swift in Sources */,
				61A121A6248E8D2700B1937E /* ContentView.swift in Sources */,
			);
			runOnlyForDeploymentPostprocessing = 0;
		};
/* End PBXSourcesBuildPhase section */

/* Begin PBXVariantGroup section */
		61A121AC248E8D2D00B1937E /* LaunchScreen.storyboard */ = {
			isa = PBXVariantGroup;
			children = (
				61A121AD248E8D2D00B1937E /* Base */,
			);
			name = LaunchScreen.storyboard;
			sourceTree = "<group>";
		};
/* End PBXVariantGroup section */

/* Begin XCBuildConfiguration section */
		61A121B0248E8D2D00B1937E /* Debug */ = {
			isa = XCBuildConfiguration;
			buildSettings = {
				ALWAYS_SEARCH_USER_PATHS = NO;
				CLANG_ANALYZER_NONNULL = YES;
				CLANG_ANALYZER_NUMBER_OBJECT_CONVERSION = YES_AGGRESSIVE;
				CLANG_CXX_LANGUAGE_STANDARD = "gnu++14";
				CLANG_CXX_LIBRARY = "libc++";
				CLANG_ENABLE_MODULES = YES;
				CLANG_ENABLE_OBJC_ARC = YES;
				CLANG_ENABLE_OBJC_WEAK = YES;
				CLANG_WARN_BLOCK_CAPTURE_AUTORELEASING = YES;
				CLANG_WARN_BOOL_CONVERSION = YES;
				CLANG_WARN_COMMA = YES;
				CLANG_WARN_CONSTANT_CONVERSION = YES;
				CLANG_WARN_DEPRECATED_OBJC_IMPLEMENTATIONS = YES;
				CLANG_WARN_DIRECT_OBJC_ISA_USAGE = YES_ERROR;
				CLANG_WARN_DOCUMENTATION_COMMENTS = YES;
				CLANG_WARN_EMPTY_BODY = YES;
				CLANG_WARN_ENUM_CONVERSION = YES;
				CLANG_WARN_INFINITE_RECURSION = YES;
				CLANG_WARN_INT_CONVERSION = YES;
				CLANG_WARN_NON_LITERAL_NULL_CONVERSION = YES;
				CLANG_WARN_OBJC_IMPLICIT_RETAIN_SELF = YES;
				CLANG_WARN_OBJC_LITERAL_CONVERSION = YES;
				CLANG_WARN_OBJC_ROOT_CLASS = YES_ERROR;
				CLANG_WARN_RANGE_LOOP_ANALYSIS = YES;
				CLANG_WARN_STRICT_PROTOTYPES = YES;
				CLANG_WARN_SUSPICIOUS_MOVE = YES;
				CLANG_WARN_UNGUARDED_AVAILABILITY = YES_AGGRESSIVE;
				CLANG_WARN_UNREACHABLE_CODE = YES;
				CLANG_WARN__DUPLICATE_METHOD_MATCH = YES;
				COPY_PHASE_STRIP = NO;
				DEBUG_INFORMATION_FORMAT = dwarf;
				ENABLE_STRICT_OBJC_MSGSEND = YES;
				ENABLE_TESTABILITY = YES;
				GCC_C_LANGUAGE_STANDARD = gnu11;
				GCC_DYNAMIC_NO_PIC = NO;
				GCC_NO_COMMON_BLOCKS = YES;
				GCC_OPTIMIZATION_LEVEL = 0;
				GCC_PREPROCESSOR_DEFINITIONS = (
					"DEBUG=1",
					"$(inherited)",
				);
				GCC_WARN_64_TO_32_BIT_CONVERSION = YES;
				GCC_WARN_ABOUT_RETURN_TYPE = YES_ERROR;
				GCC_WARN_UNDECLARED_SELECTOR = YES;
				GCC_WARN_UNINITIALIZED_AUTOS = YES_AGGRESSIVE;
				GCC_WARN_UNUSED_FUNCTION = YES;
				GCC_WARN_UNUSED_VARIABLE = YES;
				IPHONEOS_DEPLOYMENT_TARGET = 13.2;
				MTL_ENABLE_DEBUG_INFO = INCLUDE_SOURCE;
				MTL_FAST_MATH = YES;
				ONLY_ACTIVE_ARCH = YES;
				SDKROOT = iphoneos;
				SWIFT_ACTIVE_COMPILATION_CONDITIONS = DEBUG;
				SWIFT_OPTIMIZATION_LEVEL = "-Onone";
			};
			name = Debug;
		};
		61A121B1248E8D2D00B1937E /* Release */ = {
			isa = XCBuildConfiguration;
			buildSettings = {
				ALWAYS_SEARCH_USER_PATHS = NO;
				CLANG_ANALYZER_NONNULL = YES;
				CLANG_ANALYZER_NUMBER_OBJECT_CONVERSION = YES_AGGRESSIVE;
				CLANG_CXX_LANGUAGE_STANDARD = "gnu++14";
				CLANG_CXX_LIBRARY = "libc++";
				CLANG_ENABLE_MODULES = YES;
				CLANG_ENABLE_OBJC_ARC = YES;
				CLANG_ENABLE_OBJC_WEAK = YES;
				CLANG_WARN_BLOCK_CAPTURE_AUTORELEASING = YES;
				CLANG_WARN_BOOL_CONVERSION = YES;
				CLANG_WARN_COMMA = YES;
				CLANG_WARN_CONSTANT_CONVERSION = YES;
				CLANG_WARN_DEPRECATED_OBJC_IMPLEMENTATIONS = YES;
				CLANG_WARN_DIRECT_OBJC_ISA_USAGE = YES_ERROR;
				CLANG_WARN_DOCUMENTATION_COMMENTS = YES;
				CLANG_WARN_EMPTY_BODY = YES;
				CLANG_WARN_ENUM_CONVERSION = YES;
				CLANG_WARN_INFINITE_RECURSION = YES;
				CLANG_WARN_INT_CONVERSION = YES;
				CLANG_WARN_NON_LITERAL_NULL_CONVERSION = YES;
				CLANG_WARN_OBJC_IMPLICIT_RETAIN_SELF = YES;
				CLANG_WARN_OBJC_LITERAL_CONVERSION = YES;
				CLANG_WARN_OBJC_ROOT_CLASS = YES_ERROR;
				CLANG_WARN_RANGE_LOOP_ANALYSIS = YES;
				CLANG_WARN_STRICT_PROTOTYPES = YES;
				CLANG_WARN_SUSPICIOUS_MOVE = YES;
				CLANG_WARN_UNGUARDED_AVAILABILITY = YES_AGGRESSIVE;
				CLANG_WARN_UNREACHABLE_CODE = YES;
				CLANG_WARN__DUPLICATE_METHOD_MATCH = YES;
				COPY_PHASE_STRIP = NO;
				DEBUG_INFORMATION_FORMAT = "dwarf-with-dsym";
				ENABLE_NS_ASSERTIONS = NO;
				ENABLE_STRICT_OBJC_MSGSEND = YES;
				GCC_C_LANGUAGE_STANDARD = gnu11;
				GCC_NO_COMMON_BLOCKS = YES;
				GCC_WARN_64_TO_32_BIT_CONVERSION = YES;
				GCC_WARN_ABOUT_RETURN_TYPE = YES_ERROR;
				GCC_WARN_UNDECLARED_SELECTOR = YES;
				GCC_WARN_UNINITIALIZED_AUTOS = YES_AGGRESSIVE;
				GCC_WARN_UNUSED_FUNCTION = YES;
				GCC_WARN_UNUSED_VARIABLE = YES;
				IPHONEOS_DEPLOYMENT_TARGET = 13.2;
				MTL_ENABLE_DEBUG_INFO = NO;
				MTL_FAST_MATH = YES;
				SDKROOT = iphoneos;
				SWIFT_COMPILATION_MODE = wholemodule;
				SWIFT_OPTIMIZATION_LEVEL = "-O";
				VALIDATE_PRODUCT = YES;
			};
			name = Release;
		};
		61A121B3248E8D2D00B1937E /* Debug */ = {
			isa = XCBuildConfiguration;
			buildSettings = {
				ASSETCATALOG_COMPILER_APPICON_NAME = AppIcon;
				CODE_SIGN_STYLE = Automatic;
				DEVELOPMENT_ASSET_PATHS = "\"TaskList/Preview Content\"";
				DEVELOPMENT_TEAM = W4M7279BBQ;
				ENABLE_PREVIEWS = YES;
				INFOPLIST_FILE = TaskList/Info.plist;
				LD_RUNPATH_SEARCH_PATHS = (
					"$(inherited)",
					"@executable_path/Frameworks",
				);
				PRODUCT_BUNDLE_IDENTIFIER = jaberi.TaskList;
				PRODUCT_NAME = "$(TARGET_NAME)";
				SWIFT_VERSION = 5.0;
				TARGETED_DEVICE_FAMILY = "1,2";
			};
			name = Debug;
		};
		61A121B4248E8D2D00B1937E /* Release */ = {
			isa = XCBuildConfiguration;
			buildSettings = {
				ASSETCATALOG_COMPILER_APPICON_NAME = AppIcon;
				CODE_SIGN_STYLE = Automatic;
				DEVELOPMENT_ASSET_PATHS = "\"TaskList/Preview Content\"";
				DEVELOPMENT_TEAM = W4M7279BBQ;
				ENABLE_PREVIEWS = YES;
				INFOPLIST_FILE = TaskList/Info.plist;
				LD_RUNPATH_SEARCH_PATHS = (
					"$(inherited)",
					"@executable_path/Frameworks",
				);
				PRODUCT_BUNDLE_IDENTIFIER = jaberi.TaskList;
				PRODUCT_NAME = "$(TARGET_NAME)";
				SWIFT_VERSION = 5.0;
				TARGETED_DEVICE_FAMILY = "1,2";
			};
			name = Release;
		};
/* End XCBuildConfiguration section */

/* Begin XCConfigurationList section */
		61A12199248E8D2700B1937E /* Build configuration list for PBXProject "TaskList" */ = {
			isa = XCConfigurationList;
			buildConfigurations = (
				61A121B0248E8D2D00B1937E /* Debug */,
				61A121B1248E8D2D00B1937E /* Release */,
			);
			defaultConfigurationIsVisible = 0;
			defaultConfigurationName = Release;
		};
		61A121B2248E8D2D00B1937E /* Build configuration list for PBXNativeTarget "TaskList" */ = {
			isa = XCConfigurationList;
			buildConfigurations = (
				61A121B3248E8D2D00B1937E /* Debug */,
				61A121B4248E8D2D00B1937E /* Release */,
			);
			defaultConfigurationIsVisible = 0;
			defaultConfigurationName = Release;
		};
/* End XCConfigurationList section */
	};
	rootObject = 61A12196248E8D2700B1937E /* Project object */;
}
